{
  "name": "qaq",
  "version": "1.0.0",
  "lockfileVersion": 1,
  "requires": true,
  "dependencies": {
    "@vant/weapp": {
      "version": "1.0.7",
      "resolved": "https://registry.npmjs.org/@vant/weapp/-/weapp-1.0.7.tgz",
      "integrity": "sha512-F7gkcVKLTh4Pt17ukZnpZmn78CbtfmUtxSZif02ysyXZmqtAf1aAUffL3i1y+qzGWCXF4y/OVkOBVQVrKHI4MA=="
    }
  }
}
